
Microsoft Visual Studio Solution File, Format Version 12.00
# Visual Studio Version 17
VisualStudioVersion = 17.6.33815.320
MinimumVisualStudioVersion = 10.0.40219.1
Project("{FAE04EC0-301F-11D3-BF4B-00C04F79EFBC}") = "WpfAppPasswordGenerator", "WpfAppPasswordGenerator\WpfAppPasswordGenerator.csproj", "{FF63D7AD-49B3-43D5-BF8D-AD68455AE0FF}"
EndProject
Global
	GlobalSection(SolutionConfigurationPlatforms) = preSolution
		Debug|Any CPU = Debug|Any CPU
		Release|Any CPU = Release|Any CPU
	EndGlobalSection
	GlobalSection(ProjectConfigurationPlatforms) = postSolution
		{FF63D7AD-49B3-43D5-BF8D-AD68455AE0FF}.Debug|Any CPU.ActiveCfg = Debug|Any CPU
		{FF63D7AD-49B3-43D5-BF8D-AD68455AE0FF}.Debug|Any CPU.Build.0 = Debug|Any CPU
		{FF63D7AD-49B3-43D5-BF8D-AD68455AE0FF}.Release|Any CPU.ActiveCfg = Release|Any CPU
		{FF63D7AD-49B3-43D5-BF8D-AD68455AE0FF}.Release|Any CPU.Build.0 = Release|Any CPU
	EndGlobalSection
	GlobalSection(SolutionProperties) = preSolution
		HideSolutionNode = FALSE
	EndGlobalSection
	GlobalSection(ExtensibilityGlobals) = postSolution
		SolutionGuid = {EE51ACF3-BA51-4B8F-9A91-50C5C9B63CE8}
	EndGlobalSection
EndGlobal
